
Microsoft Visual Studio Solution File, Format Version 12.00
# Visual Studio Version 16
VisualStudioVersion = 16.0.30114.105
MinimumVisualStudioVersion = 10.0.40219.1
Project("{9A19103F-16F7-4668-BE54-9A1E7A4F7556}") = "API", "API\API.csproj", "{7FEA597F-B604-49D5-AD71-6C944755116A}"
EndProject
Project("{FAE04EC0-301F-11D3-BF4B-00C04F79EFBC}") = "Core", "Core\Core.csproj", "{81E0D0A1-0AAF-4694-BA86-146B40E81BE9}"
EndProject
Project("{FAE04EC0-301F-11D3-BF4B-00C04F79EFBC}") = "Infrastructure", "Infrastructure\Infrastructure.csproj", "{A78CB30D-F1B3-446C-99E8-CE255514076A}"
EndProject
Global
	GlobalSection(SolutionConfigurationPlatforms) = preSolution
		Debug|Any CPU = Debug|Any CPU
		Debug|x64 = Debug|x64
		Debug|x86 = Debug|x86
		Release|Any CPU = Release|Any CPU
		Release|x64 = Release|x64
		Release|x86 = Release|x86
	EndGlobalSection
	GlobalSection(ProjectConfigurationPlatforms) = postSolution
		{7FEA597F-B604-49D5-AD71-6C944755116A}.Debug|Any CPU.ActiveCfg = Debug|Any CPU
		{7FEA597F-B604-49D5-AD71-6C944755116A}.Debug|Any CPU.Build.0 = Debug|Any CPU
		{7FEA597F-B604-49D5-AD71-6C944755116A}.Debug|x64.ActiveCfg = Debug|Any CPU
		{7FEA597F-B604-49D5-AD71-6C944755116A}.Debug|x64.Build.0 = Debug|Any CPU
		{7FEA597F-B604-49D5-AD71-6C944755116A}.Debug|x86.ActiveCfg = Debug|Any CPU
		{7FEA597F-B604-49D5-AD71-6C944755116A}.Debug|x86.Build.0 = Debug|Any CPU
		{7FEA597F-B604-49D5-AD71-6C944755116A}.Release|Any CPU.ActiveCfg = Release|Any CPU
		{7FEA597F-B604-49D5-AD71-6C944755116A}.Release|Any CPU.Build.0 = Release|Any CPU
		{7FEA597F-B604-49D5-AD71-6C944755116A}.Release|x64.ActiveCfg = Release|Any CPU
		{7FEA597F-B604-49D5-AD71-6C944755116A}.Release|x64.Build.0 = Release|Any CPU
		{7FEA597F-B604-49D5-AD71-6C944755116A}.Release|x86.ActiveCfg = Release|Any CPU
		{7FEA597F-B604-49D5-AD71-6C944755116A}.Release|x86.Build.0 = Release|Any CPU
		{81E0D0A1-0AAF-4694-BA86-146B40E81BE9}.Debug|Any CPU.ActiveCfg = Debug|Any CPU
		{81E0D0A1-0AAF-4694-BA86-146B40E81BE9}.Debug|Any CPU.Build.0 = Debug|Any CPU
		{81E0D0A1-0AAF-4694-BA86-146B40E81BE9}.Debug|x64.ActiveCfg = Debug|Any CPU
		{81E0D0A1-0AAF-4694-BA86-146B40E81BE9}.Debug|x64.Build.0 = Debug|Any CPU
		{81E0D0A1-0AAF-4694-BA86-146B40E81BE9}.Debug|x86.ActiveCfg = Debug|Any CPU
		{81E0D0A1-0AAF-4694-BA86-146B40E81BE9}.Debug|x86.Build.0 = Debug|Any CPU
		{81E0D0A1-0AAF-4694-BA86-146B40E81BE9}.Release|Any CPU.ActiveCfg = Release|Any CPU
		{81E0D0A1-0AAF-4694-BA86-146B40E81BE9}.Release|Any CPU.Build.0 = Release|Any CPU
		{81E0D0A1-0AAF-4694-BA86-146B40E81BE9}.Release|x64.ActiveCfg = Release|Any CPU
		{81E0D0A1-0AAF-4694-BA86-146B40E81BE9}.Release|x64.Build.0 = Release|Any CPU
		{81E0D0A1-0AAF-4694-BA86-146B40E81BE9}.Release|x86.ActiveCfg = Release|Any CPU
		{81E0D0A1-0AAF-4694-BA86-146B40E81BE9}.Release|x86.Build.0 = Release|Any CPU
		{A78CB30D-F1B3-446C-99E8-CE255514076A}.Debug|Any CPU.ActiveCfg = Debug|Any CPU
		{A78CB30D-F1B3-446C-99E8-CE255514076A}.Debug|Any CPU.Build.0 = Debug|Any CPU
		{A78CB30D-F1B3-446C-99E8-CE255514076A}.Debug|x64.ActiveCfg = Debug|Any CPU
		{A78CB30D-F1B3-446C-99E8-CE255514076A}.Debug|x64.Build.0 = Debug|Any CPU
		{A78CB30D-F1B3-446C-99E8-CE255514076A}.Debug|x86.ActiveCfg = Debug|Any CPU
		{A78CB30D-F1B3-446C-99E8-CE255514076A}.Debug|x86.Build.0 = Debug|Any CPU
		{A78CB30D-F1B3-446C-99E8-CE255514076A}.Release|Any CPU.ActiveCfg = Release|Any CPU
		{A78CB30D-F1B3-446C-99E8-CE255514076A}.Release|Any CPU.Build.0 = Release|Any CPU
		{A78CB30D-F1B3-446C-99E8-CE255514076A}.Release|x64.ActiveCfg = Release|Any CPU
		{A78CB30D-F1B3-446C-99E8-CE255514076A}.Release|x64.Build.0 = Release|Any CPU
		{A78CB30D-F1B3-446C-99E8-CE255514076A}.Release|x86.ActiveCfg = Release|Any CPU
		{A78CB30D-F1B3-446C-99E8-CE255514076A}.Release|x86.Build.0 = Release|Any CPU
	EndGlobalSection
	GlobalSection(SolutionProperties) = preSolution
		HideSolutionNode = FALSE
	EndGlobalSection
	GlobalSection(ExtensibilityGlobals) = postSolution
		SolutionGuid = {B2084D50-8F0F-4A21-A6EE-4D8661A5B8CD}
	EndGlobalSection
EndGlobal
